<?xml version="1.0" encoding="utf-8"?>
<Project ToolsVersion="4.0" xmlns="http://schemas.microsoft.com/developer/msbuild/2003">
  <ItemGroup>
    <ClCompile Include="2dlib.c">
      <Filter>Quelldateien</Filter>
    </ClCompile>
    <ClCompile Include="program.c">
      <Filter>Quelldateien</Filter>
    </ClCompile>
    <ClCompile Include="scaralib.c">
      <Filter>Quelldateien</Filter>
    </ClCompile>
  </ItemGroup>
  <ItemGroup>
    <ClInclude Include="2dlib.h">
      <Filter>Headerdateien</Filter>
    </ClInclude>
    <ClInclude Include="scaralib.h">
      <Filter>Headerdateien</Filter>
    </ClInclude>
  </ItemGroup>
  <ItemGroup>
    <Filter Include="Headerdateien">
      <UniqueIdentifier>{2d8b7791-2743-4480-8153-7eb1379c337d}</UniqueIdentifier>
    </Filter>
    <Filter Include="Quelldateien">
      <UniqueIdentifier>{50758875-f982-451f-9cb7-e932cccfd9c1}</UniqueIdentifier>
    </Filter>
  </ItemGroup>
</Project>